{
    "_readme": [
        "This file locks the dependencies of your project to a known state",
        "Read more about it at https://getcomposer.org/doc/01-basic-usage.md#composer-lock-the-lock-file",
        "This file is @generated automatically"
    ],
    "hash": "a637d808ce45c1df0af02b8bf26c106c",
    "content-hash": "3f10bcc653c3668c329d7300d3d5eee1",
    "packages": [
        {
            "name": "mjaschen/collmex",
            "version": "0.6.2",
            "source": {
                "type": "git",
                "url": "https://github.com/mjaschen/collmex.git",
                "reference": "7cc2fd07beff8ace5f80f21ff19f118845c1ce9a"
            },
            "dist": {
                "type": "zip",
                "url": "https://api.github.com/repos/mjaschen/collmex/zipball/7cc2fd07beff8ace5f80f21ff19f118845c1ce9a",
                "reference": "7cc2fd07beff8ace5f80f21ff19f118845c1ce9a",
                "shasum": ""
            },
            "require": {
                "neitanod/forceutf8": "~1.4.0",
                "php": ">=5.5.9",
                "symfony/finder": "~3.0",
                "symfony/http-foundation": "~3.0"
            },
            "require-dev": {
                "league/csv": "^8.0",
                "mockery/mockery": "dev-master",
                "phpunit/phpunit": "~4.0"
            },
            "suggest": {
                "league/csv": "Enable CSV generation via the 'Csv' library by The PHP League"
            },
            "type": "library",
            "autoload": {
                "psr-4": {
                    "MarcusJaschen\\Collmex\\": "src/"
                }
            },
            "notification-url": "https://packagist.org/downloads/",
            "license": [
                "MIT"
            ],
            "authors": [
                {
                    "name": "Marcus Jaschen",
                    "email": "mail@marcusjaschen.de",
                    "homepage": "https://marcusjaschen.de/",
                    "role": "developer"
                }
            ],
            "description": "Collmex PHP SDK",
            "keywords": [
                "api",
                "collmex"
            ],
            "time": "2016-02-11 18:47:03"
        },
        {
            "name": "neitanod/forceutf8",
            "version": "v1.4",
            "source": {
                "type": "git",
                "url": "https://github.com/neitanod/forceutf8.git",
                "reference": "28d50d579179abac1f6a55b03c6d9d3f6573867c"
            },
            "dist": {
                "type": "zip",
                "url": "https://api.github.com/repos/neitanod/forceutf8/zipball/28d50d579179abac1f6a55b03c6d9d3f6573867c",
                "reference": "28d50d579179abac1f6a55b03c6d9d3f6573867c",
                "shasum": ""
            },
            "require": {
                "php": ">=5.2.0"
            },
            "type": "library",
            "autoload": {
                "psr-0": {
                    "ForceUTF8\\": "src/"
                }
            },
            "notification-url": "https://packagist.org/downloads/",
            "authors": [
                {
                    "name": "Sebastián Grignoli",
                    "email": "grignoli@gmail.com"
                }
            ],
            "description": "PHP Class Encoding featuring popular Encoding::toUTF8() function --formerly known as forceUTF8()-- that fixes mixed encoded strings.",
            "homepage": "https://github.com/neitanod/forceutf8",
            "time": "2014-09-24 14:59:43"
        },
        {
            "name": "symfony/finder",
            "version": "v3.1.1",
            "source": {
                "type": "git",
                "url": "https://github.com/symfony/finder.git",
                "reference": "40d17ed287bf51a2f884c4619ce8ff2a1c5cd219"
            },
            "dist": {
                "type": "zip",
                "url": "https://api.github.com/repos/symfony/finder/zipball/40d17ed287bf51a2f884c4619ce8ff2a1c5cd219",
                "reference": "40d17ed287bf51a2f884c4619ce8ff2a1c5cd219",
                "shasum": ""
            },
            "require": {
                "php": ">=5.5.9"
            },
            "type": "library",
            "extra": {
                "branch-alias": {
                    "dev-master": "3.1-dev"
                }
            },
            "autoload": {
                "psr-4": {
                    "Symfony\\Component\\Finder\\": ""
                },
                "exclude-from-classmap": [
                    "/Tests/"
                ]
            },
            "notification-url": "https://packagist.org/downloads/",
            "license": [
                "MIT"
            ],
            "authors": [
                {
                    "name": "Fabien Potencier",
                    "email": "fabien@symfony.com"
                },
                {
                    "name": "Symfony Community",
                    "homepage": "https://symfony.com/contributors"
                }
            ],
            "description": "Symfony Finder Component",
            "homepage": "https://symfony.com",
            "time": "2016-05-13 18:06:41"
        },
        {
            "name": "symfony/http-foundation",
            "version": "v3.1.1",
            "source": {
                "type": "git",
                "url": "https://github.com/symfony/http-foundation.git",
                "reference": "5fa10139fe520561e313cc2a6cea1e44a71f36ce"
            },
            "dist": {
                "type": "zip",
                "url": "https://api.github.com/repos/symfony/http-foundation/zipball/5fa10139fe520561e313cc2a6cea1e44a71f36ce",
                "reference": "5fa10139fe520561e313cc2a6cea1e44a71f36ce",
                "shasum": ""
            },
            "require": {
                "php": ">=5.5.9",
                "symfony/polyfill-mbstring": "~1.1"
            },
            "require-dev": {
                "symfony/expression-language": "~2.8|~3.0"
            },
            "type": "library",
            "extra": {
                "branch-alias": {
                    "dev-master": "3.1-dev"
                }
            },
            "autoload": {
                "psr-4": {
                    "Symfony\\Component\\HttpFoundation\\": ""
                },
                "exclude-from-classmap": [
                    "/Tests/"
                ]
            },
            "notification-url": "https://packagist.org/downloads/",
            "license": [
                "MIT"
            ],
            "authors": [
                {
                    "name": "Fabien Potencier",
                    "email": "fabien@symfony.com"
                },
                {
                    "name": "Symfony Community",
                    "homepage": "https://symfony.com/contributors"
                }
            ],
            "description": "Symfony HttpFoundation Component",
            "homepage": "https://symfony.com",
            "time": "2016-06-14 11:18:07"
        },
        {
            "name": "symfony/polyfill-mbstring",
            "version": "v1.2.0",
            "source": {
                "type": "git",
                "url": "https://github.com/symfony/polyfill-mbstring.git",
                "reference": "dff51f72b0706335131b00a7f49606168c582594"
            },
            "dist": {
                "type": "zip",
                "url": "https://api.github.com/repos/symfony/polyfill-mbstring/zipball/dff51f72b0706335131b00a7f49606168c582594",
                "reference": "dff51f72b0706335131b00a7f49606168c582594",
                "shasum": ""
            },
            "require": {
                "php": ">=5.3.3"
            },
            "suggest": {
                "ext-mbstring": "For best performance"
            },
            "type": "library",
            "extra": {
                "branch-alias": {
                    "dev-master": "1.2-dev"
                }
            },
            "autoload": {
                "psr-4": {
                    "Symfony\\Polyfill\\Mbstring\\": ""
                },
                "files": [
                    "bootstrap.php"
                ]
            },
            "notification-url": "https://packagist.org/downloads/",
            "license": [
                "MIT"
            ],
            "authors": [
                {
                    "name": "Nicolas Grekas",
                    "email": "p@tchwork.com"
                },
                {
                    "name": "Symfony Community",
                    "homepage": "https://symfony.com/contributors"
                }
            ],
            "description": "Symfony polyfill for the Mbstring extension",
            "homepage": "https://symfony.com",
            "keywords": [
                "compatibility",
                "mbstring",
                "polyfill",
                "portable",
                "shim"
            ],
            "time": "2016-05-18 14:26:46"
        }
    ],
    "packages-dev": [],
    "aliases": [],
    "minimum-stability": "stable",
    "stability-flags": [],
    "prefer-stable": false,
    "prefer-lowest": false,
    "platform": [],
    "platform-dev": []
}
